// !$*UTF8*$!
{
	archiveVersion = 1;
	classes = {
	};
	objectVersion = 50;
	objects = {

/* Begin PBXBuildFile section */
		3101B09F25482C8F005F2F2B /* EditItemView.swift in Sources */ = {isa = PBXBuildFile; fileRef = 3101B09E25482C8F005F2F2B /* EditItemView.swift */; };
		3101B0A2254879C7005F2F2B /* ItemRowView.swift in Sources */ = {isa = PBXBuildFile; fileRef = 3101B0A1254879C7005F2F2B /* ItemRowView.swift */; };
		3101B0A525490960005F2F2B /* Binding-OnChange.swift in Sources */ = {isa = PBXBuildFile; fileRef = 3101B0A425490960005F2F2B /* Binding-OnChange.swift */; };
		31054279254272F9008652CB /* UltimatePortfolioAppApp.swift in Sources */ = {isa = PBXBuildFile; fileRef = 31054278254272F9008652CB /* UltimatePortfolioAppApp.swift */; };
		3105427B254272F9008652CB /* ContentView.swift in Sources */ = {isa = PBXBuildFile; fileRef = 3105427A254272F9008652CB /* ContentView.swift */; };
		3105427D254272FB008652CB /* Assets.xcassets in Resources */ = {isa = PBXBuildFile; fileRef = 3105427C254272FB008652CB /* Assets.xcassets */; };
		31054280254272FB008652CB /* Preview Assets.xcassets in Resources */ = {isa = PBXBuildFile; fileRef = 3105427F254272FB008652CB /* Preview Assets.xcassets */; };
		3105428A2542801C008652CB /* Main.xcdatamodeld in Sources */ = {isa = PBXBuildFile; fileRef = 310542882542801C008652CB /* Main.xcdatamodeld */; };
		3105428D254282C4008652CB /* DataController.swift in Sources */ = {isa = PBXBuildFile; fileRef = 3105428C254282C4008652CB /* DataController.swift */; };
		3152F635256404E200615A9D /* Award.swift in Sources */ = {isa = PBXBuildFile; fileRef = 3152F634256404E200615A9D /* Award.swift */; };
		3152F638256405A200615A9D /* AwardsView.swift in Sources */ = {isa = PBXBuildFile; fileRef = 3152F637256405A200615A9D /* AwardsView.swift */; };
		3157CD02257CA8A800E5421E /* Color-Additions.swift in Sources */ = {isa = PBXBuildFile; fileRef = 3157CD01257CA8A800E5421E /* Color-Additions.swift */; };
		316CA4472542BA3100C7AE62 /* CloudKit.framework in Frameworks */ = {isa = PBXBuildFile; fileRef = 316CA4462542BA3100C7AE62 /* CloudKit.framework */; };
		317C84DD2546F9A600FC118F /* Item-CoreDataHelpers.swift in Sources */ = {isa = PBXBuildFile; fileRef = 317C84DC2546F9A600FC118F /* Item-CoreDataHelpers.swift */; };
		317C84E12546FA7100FC118F /* Project-CoreDataHelpers.swift in Sources */ = {isa = PBXBuildFile; fileRef = 317C84E02546FA7100FC118F /* Project-CoreDataHelpers.swift */; };
		318A928A254C08320054FDD7 /* ProjectHeaderView.swift in Sources */ = {isa = PBXBuildFile; fileRef = 318A9289254C08320054FDD7 /* ProjectHeaderView.swift */; };
		318A928D254C118D0054FDD7 /* Colors.xcassets in Resources */ = {isa = PBXBuildFile; fileRef = 318A928C254C118D0054FDD7 /* Colors.xcassets */; };
		318A9290254D3D9B0054FDD7 /* EditProjectView.swift in Sources */ = {isa = PBXBuildFile; fileRef = 318A928F254D3D9B0054FDD7 /* EditProjectView.swift */; };
		31916A8A2582480C003816AB /* Localizable.strings in Resources */ = {isa = PBXBuildFile; fileRef = 31916A8C2582480C003816AB /* Localizable.strings */; };
		31916A9125825650003816AB /* Localizable.stringsdict in Resources */ = {isa = PBXBuildFile; fileRef = 31916A9325825650003816AB /* Localizable.stringsdict */; };
		31916A9A258257D4003816AB /* Awards.json in Resources */ = {isa = PBXBuildFile; fileRef = 31916A9C258257D4003816AB /* Awards.json */; };
		31C72F0B25431CDC00C5784B /* HomeView.swift in Sources */ = {isa = PBXBuildFile; fileRef = 31C72F0A25431CDC00C5784B /* HomeView.swift */; };
		31C72F0E25431FC700C5784B /* ProjectsView.swift in Sources */ = {isa = PBXBuildFile; fileRef = 31C72F0D25431FC700C5784B /* ProjectsView.swift */; };
		31E6AD6D25601ABC00BCC524 /* Bundle-Decode.swift in Sources */ = {isa = PBXBuildFile; fileRef = 31E6AD6C25601ABC00BCC524 /* Bundle-Decode.swift */; };
		31EBFC4D255C3D11002E7B54 /* Sequence-Sorting.swift in Sources */ = {isa = PBXBuildFile; fileRef = 31EBFC4C255C3D11002E7B54 /* Sequence-Sorting.swift */; };
		31EBFC51255C452B002E7B54 /* SelectSomethingView.swift in Sources */ = {isa = PBXBuildFile; fileRef = 31EBFC50255C452B002E7B54 /* SelectSomethingView.swift */; };
		31ED5324258E537000969993 /* ItemListView.swift in Sources */ = {isa = PBXBuildFile; fileRef = 31ED5323258E537000969993 /* ItemListView.swift */; };
		31ED5327258E553800969993 /* ProjectSummaryView.swift in Sources */ = {isa = PBXBuildFile; fileRef = 31ED5326258E553800969993 /* ProjectSummaryView.swift */; };
/* End PBXBuildFile section */

/* Begin PBXFileReference section */
		3101B09E25482C8F005F2F2B /* EditItemView.swift */ = {isa = PBXFileReference; lastKnownFileType = sourcecode.swift; path = EditItemView.swift; sourceTree = "<group>"; };
		3101B0A1254879C7005F2F2B /* ItemRowView.swift */ = {isa = PBXFileReference; lastKnownFileType = sourcecode.swift; path = ItemRowView.swift; sourceTree = "<group>"; };
		3101B0A425490960005F2F2B /* Binding-OnChange.swift */ = {isa = PBXFileReference; lastKnownFileType = sourcecode.swift; path = "Binding-OnChange.swift"; sourceTree = "<group>"; };
		31054275254272F9008652CB /* UltimatePortfolioApp.app */ = {isa = PBXFileReference; explicitFileType = wrapper.application; includeInIndex = 0; path = UltimatePortfolioApp.app; sourceTree = BUILT_PRODUCTS_DIR; };
		31054278254272F9008652CB /* UltimatePortfolioAppApp.swift */ = {isa = PBXFileReference; lastKnownFileType = sourcecode.swift; path = UltimatePortfolioAppApp.swift; sourceTree = "<group>"; };
		3105427A254272F9008652CB /* ContentView.swift */ = {isa = PBXFileReference; lastKnownFileType = sourcecode.swift; path = ContentView.swift; sourceTree = "<group>"; };
		3105427C254272FB008652CB /* Assets.xcassets */ = {isa = PBXFileReference; lastKnownFileType = folder.assetcatalog; path = Assets.xcassets; sourceTree = "<group>"; };
		3105427F254272FB008652CB /* Preview Assets.xcassets */ = {isa = PBXFileReference; lastKnownFileType = folder.assetcatalog; path = "Preview Assets.xcassets"; sourceTree = "<group>"; };
		31054281254272FB008652CB /* Info.plist */ = {isa = PBXFileReference; lastKnownFileType = text.plist.xml; path = Info.plist; sourceTree = "<group>"; };
		310542892542801C008652CB /* Main.xcdatamodel */ = {isa = PBXFileReference; lastKnownFileType = wrapper.xcdatamodel; path = Main.xcdatamodel; sourceTree = "<group>"; };
		3105428C254282C4008652CB /* DataController.swift */ = {isa = PBXFileReference; lastKnownFileType = sourcecode.swift; path = DataController.swift; sourceTree = "<group>"; };
		3152F634256404E200615A9D /* Award.swift */ = {isa = PBXFileReference; lastKnownFileType = sourcecode.swift; path = Award.swift; sourceTree = "<group>"; };
		3152F637256405A200615A9D /* AwardsView.swift */ = {isa = PBXFileReference; lastKnownFileType = sourcecode.swift; path = AwardsView.swift; sourceTree = "<group>"; };
		3157CD01257CA8A800E5421E /* Color-Additions.swift */ = {isa = PBXFileReference; lastKnownFileType = sourcecode.swift; path = "Color-Additions.swift"; sourceTree = "<group>"; };
		316CA4442542BA1400C7AE62 /* UltimatePortfolioApp.entitlements */ = {isa = PBXFileReference; lastKnownFileType = text.plist.entitlements; path = UltimatePortfolioApp.entitlements; sourceTree = "<group>"; };
		316CA4462542BA3100C7AE62 /* CloudKit.framework */ = {isa = PBXFileReference; lastKnownFileType = wrapper.framework; name = CloudKit.framework; path = System/Library/Frameworks/CloudKit.framework; sourceTree = SDKROOT; };
		317C84DC2546F9A600FC118F /* Item-CoreDataHelpers.swift */ = {isa = PBXFileReference; lastKnownFileType = sourcecode.swift; path = "Item-CoreDataHelpers.swift"; sourceTree = "<group>"; };
		317C84E02546FA7100FC118F /* Project-CoreDataHelpers.swift */ = {isa = PBXFileReference; lastKnownFileType = sourcecode.swift; path = "Project-CoreDataHelpers.swift"; sourceTree = "<group>"; };
		318A9289254C08320054FDD7 /* ProjectHeaderView.swift */ = {isa = PBXFileReference; lastKnownFileType = sourcecode.swift; path = ProjectHeaderView.swift; sourceTree = "<group>"; };
		318A928C254C118D0054FDD7 /* Colors.xcassets */ = {isa = PBXFileReference; lastKnownFileType = folder.assetcatalog; path = Colors.xcassets; sourceTree = "<group>"; };
		318A928F254D3D9B0054FDD7 /* EditProjectView.swift */ = {isa = PBXFileReference; lastKnownFileType = sourcecode.swift; path = EditProjectView.swift; sourceTree = "<group>"; };
		31916A8B2582480C003816AB /* en */ = {isa = PBXFileReference; lastKnownFileType = text.plist.strings; name = en; path = en.lproj/Localizable.strings; sourceTree = "<group>"; };
		31916A9025824C5C003816AB /* hu */ = {isa = PBXFileReference; lastKnownFileType = text.plist.strings; name = hu; path = hu.lproj/Localizable.strings; sourceTree = "<group>"; };
		31916A9225825650003816AB /* en */ = {isa = PBXFileReference; lastKnownFileType = text.plist.stringsdict; name = en; path = en.lproj/Localizable.stringsdict; sourceTree = "<group>"; };
		31916A9525825656003816AB /* hu */ = {isa = PBXFileReference; lastKnownFileType = text.plist.stringsdict; name = hu; path = hu.lproj/Localizable.stringsdict; sourceTree = "<group>"; };
		31916A9B258257D4003816AB /* en */ = {isa = PBXFileReference; lastKnownFileType = text.json; name = en; path = en.lproj/Awards.json; sourceTree = "<group>"; };
		31916A9E258257DE003816AB /* hu */ = {isa = PBXFileReference; lastKnownFileType = text.json; name = hu; path = hu.lproj/Awards.json; sourceTree = "<group>"; };
		31C72F0A25431CDC00C5784B /* HomeView.swift */ = {isa = PBXFileReference; lastKnownFileType = sourcecode.swift; path = HomeView.swift; sourceTree = "<group>"; };
		31C72F0D25431FC700C5784B /* ProjectsView.swift */ = {isa = PBXFileReference; lastKnownFileType = sourcecode.swift; path = ProjectsView.swift; sourceTree = "<group>"; };
		31E6AD6C25601ABC00BCC524 /* Bundle-Decode.swift */ = {isa = PBXFileReference; lastKnownFileType = sourcecode.swift; path = "Bundle-Decode.swift"; sourceTree = "<group>"; };
		31EBFC4C255C3D11002E7B54 /* Sequence-Sorting.swift */ = {isa = PBXFileReference; lastKnownFileType = sourcecode.swift; path = "Sequence-Sorting.swift"; sourceTree = "<group>"; };
		31EBFC50255C452B002E7B54 /* SelectSomethingView.swift */ = {isa = PBXFileReference; lastKnownFileType = sourcecode.swift; path = SelectSomethingView.swift; sourceTree = "<group>"; };
		31ED5323258E537000969993 /* ItemListView.swift */ = {isa = PBXFileReference; lastKnownFileType = sourcecode.swift; path = ItemListView.swift; sourceTree = "<group>"; };
		31ED5326258E553800969993 /* ProjectSummaryView.swift */ = {isa = PBXFileReference; lastKnownFileType = sourcecode.swift; path = ProjectSummaryView.swift; sourceTree = "<group>"; };
/* End PBXFileReference section */

/* Begin PBXFrameworksBuildPhase section */
		31054272254272F9008652CB /* Frameworks */ = {
			isa = PBXFrameworksBuildPhase;
			buildActionMask = 2147483647;
			files = (
				316CA4472542BA3100C7AE62 /* CloudKit.framework in Frameworks */,
			);
			runOnlyForDeploymentPostprocessing = 0;
		};
/* End PBXFrameworksBuildPhase section */

/* Begin PBXGroup section */
		3105426C254272F9008652CB = {
			isa = PBXGroup;
			children = (
				31054277254272F9008652CB /* UltimatePortfolioApp */,
				31054276254272F9008652CB /* Products */,
				316CA4452542BA3100C7AE62 /* Frameworks */,
			);
			sourceTree = "<group>";
		};
		31054276254272F9008652CB /* Products */ = {
			isa = PBXGroup;
			children = (
				31054275254272F9008652CB /* UltimatePortfolioApp.app */,
			);
			name = Products;
			sourceTree = "<group>";
		};
		31054277254272F9008652CB /* UltimatePortfolioApp */ = {
			isa = PBXGroup;
			children = (
				3105427C254272FB008652CB /* Assets.xcassets */,
				31916A9C258257D4003816AB /* Awards.json */,
				3152F637256405A200615A9D /* AwardsView.swift */,
				3152F634256404E200615A9D /* Award.swift */,
				3101B0A425490960005F2F2B /* Binding-OnChange.swift */,
				31E6AD6C25601ABC00BCC524 /* Bundle-Decode.swift */,
				3157CD01257CA8A800E5421E /* Color-Additions.swift */,
				318A928C254C118D0054FDD7 /* Colors.xcassets */,
				3105427A254272F9008652CB /* ContentView.swift */,
				3105428C254282C4008652CB /* DataController.swift */,
				3101B09E25482C8F005F2F2B /* EditItemView.swift */,
				318A928F254D3D9B0054FDD7 /* EditProjectView.swift */,
				31916A8C2582480C003816AB /* Localizable.strings */,
				31916A9325825650003816AB /* Localizable.stringsdict */,
				31C72F0A25431CDC00C5784B /* HomeView.swift */,
				31ED5326258E553800969993 /* ProjectSummaryView.swift */,
				31ED5323258E537000969993 /* ItemListView.swift */,
				31054281254272FB008652CB /* Info.plist */,
				3101B0A1254879C7005F2F2B /* ItemRowView.swift */,
				310542882542801C008652CB /* Main.xcdatamodeld */,
				3105427E254272FB008652CB /* Preview Content */,
				317C84E02546FA7100FC118F /* Project-CoreDataHelpers.swift */,
				317C84DC2546F9A600FC118F /* Item-CoreDataHelpers.swift */,
				318A9289254C08320054FDD7 /* ProjectHeaderView.swift */,
				31C72F0D25431FC700C5784B /* ProjectsView.swift */,
				31EBFC50255C452B002E7B54 /* SelectSomethingView.swift */,
				31EBFC4C255C3D11002E7B54 /* Sequence-Sorting.swift */,
				316CA4442542BA1400C7AE62 /* UltimatePortfolioApp.entitlements */,
				31054278254272F9008652CB /* UltimatePortfolioAppApp.swift */,
			);
			path = UltimatePortfolioApp;
			sourceTree = "<group>";
		};
		3105427E254272FB008652CB /* Preview Content */ = {
			isa = PBXGroup;
			children = (
				3105427F254272FB008652CB /* Preview Assets.xcassets */,
			);
			path = "Preview Content";
			sourceTree = "<group>";
		};
		316CA4452542BA3100C7AE62 /* Frameworks */ = {
			isa = PBXGroup;
			children = (
				316CA4462542BA3100C7AE62 /* CloudKit.framework */,
			);
			name = Frameworks;
			sourceTree = "<group>";
		};
/* End PBXGroup section */

/* Begin PBXNativeTarget section */
		31054274254272F9008652CB /* UltimatePortfolioApp */ = {
			isa = PBXNativeTarget;
			buildConfigurationList = 31054284254272FB008652CB /* Build configuration list for PBXNativeTarget "UltimatePortfolioApp" */;
			buildPhases = (
				31054271254272F9008652CB /* Sources */,
				31054272254272F9008652CB /* Frameworks */,
				31054273254272F9008652CB /* Resources */,
				3149BE442594F7BD0053C06F /* SwiftLint */,
			);
			buildRules = (
			);
			dependencies = (
			);
			name = UltimatePortfolioApp;
			productName = UltimatePortfolioApp;
			productReference = 31054275254272F9008652CB /* UltimatePortfolioApp.app */;
			productType = "com.apple.product-type.application";
		};
/* End PBXNativeTarget section */

/* Begin PBXProject section */
		3105426D254272F9008652CB /* Project object */ = {
			isa = PBXProject;
			attributes = {
				LastSwiftUpdateCheck = 1210;
				LastUpgradeCheck = 1230;
				TargetAttributes = {
					31054274254272F9008652CB = {
						CreatedOnToolsVersion = 12.1;
					};
				};
			};
			buildConfigurationList = 31054270254272F9008652CB /* Build configuration list for PBXProject "UltimatePortfolioApp" */;
			compatibilityVersion = "Xcode 9.3";
			developmentRegion = en;
			hasScannedForEncodings = 0;
			knownRegions = (
				en,
				Base,
				hu,
			);
			mainGroup = 3105426C254272F9008652CB;
			productRefGroup = 31054276254272F9008652CB /* Products */;
			projectDirPath = "";
			projectRoot = "";
			targets = (
				31054274254272F9008652CB /* UltimatePortfolioApp */,
			);
		};
/* End PBXProject section */

/* Begin PBXResourcesBuildPhase section */
		31054273254272F9008652CB /* Resources */ = {
			isa = PBXResourcesBuildPhase;
			buildActionMask = 2147483647;
			files = (
				31916A8A2582480C003816AB /* Localizable.strings in Resources */,
				318A928D254C118D0054FDD7 /* Colors.xcassets in Resources */,
				31916A9A258257D4003816AB /* Awards.json in Resources */,
				31054280254272FB008652CB /* Preview Assets.xcassets in Resources */,
				3105427D254272FB008652CB /* Assets.xcassets in Resources */,
				31916A9125825650003816AB /* Localizable.stringsdict in Resources */,
			);
			runOnlyForDeploymentPostprocessing = 0;
		};
/* End PBXResourcesBuildPhase section */

/* Begin PBXShellScriptBuildPhase section */
		3149BE442594F7BD0053C06F /* SwiftLint */ = {
			isa = PBXShellScriptBuildPhase;
			buildActionMask = 2147483647;
			files = (
			);
			inputFileListPaths = (
			);
			inputPaths = (
			);
			name = SwiftLint;
			outputFileListPaths = (
			);
			outputPaths = (
			);
			runOnlyForDeploymentPostprocessing = 0;
			shellPath = /bin/sh;
			shellScript = "# Type a script or drag a script file from your workspace to insert its path.\nif which swiftlint >/dev/null; then\n  swiftlint\nelse\n  echo \"warning: SwiftLint not installed, download from https://github.com/realm/SwiftLint\"\nfi\n";
		};
/* End PBXShellScriptBuildPhase section */

/* Begin PBXSourcesBuildPhase section */
		31054271254272F9008652CB /* Sources */ = {
			isa = PBXSourcesBuildPhase;
			buildActionMask = 2147483647;
			files = (
				31C72F0E25431FC700C5784B /* ProjectsView.swift in Sources */,
				31ED5327258E553800969993 /* ProjectSummaryView.swift in Sources */,
				318A928A254C08320054FDD7 /* ProjectHeaderView.swift in Sources */,
				3152F638256405A200615A9D /* AwardsView.swift in Sources */,
				3105428A2542801C008652CB /* Main.xcdatamodeld in Sources */,
				317C84E12546FA7100FC118F /* Project-CoreDataHelpers.swift in Sources */,
				3157CD02257CA8A800E5421E /* Color-Additions.swift in Sources */,
				318A9290254D3D9B0054FDD7 /* EditProjectView.swift in Sources */,
				3105428D254282C4008652CB /* DataController.swift in Sources */,
				31EBFC51255C452B002E7B54 /* SelectSomethingView.swift in Sources */,
				3152F635256404E200615A9D /* Award.swift in Sources */,
				3101B0A2254879C7005F2F2B /* ItemRowView.swift in Sources */,
				3105427B254272F9008652CB /* ContentView.swift in Sources */,
				31E6AD6D25601ABC00BCC524 /* Bundle-Decode.swift in Sources */,
				3101B0A525490960005F2F2B /* Binding-OnChange.swift in Sources */,
				31EBFC4D255C3D11002E7B54 /* Sequence-Sorting.swift in Sources */,
				31ED5324258E537000969993 /* ItemListView.swift in Sources */,
				31C72F0B25431CDC00C5784B /* HomeView.swift in Sources */,
				31054279254272F9008652CB /* UltimatePortfolioAppApp.swift in Sources */,
				317C84DD2546F9A600FC118F /* Item-CoreDataHelpers.swift in Sources */,
				3101B09F25482C8F005F2F2B /* EditItemView.swift in Sources */,
			);
			runOnlyForDeploymentPostprocessing = 0;
		};
/* End PBXSourcesBuildPhase section */

/* Begin PBXVariantGroup section */
		31916A8C2582480C003816AB /* Localizable.strings */ = {
			isa = PBXVariantGroup;
			children = (
				31916A8B2582480C003816AB /* en */,
				31916A9025824C5C003816AB /* hu */,
			);
			name = Localizable.strings;
			sourceTree = "<group>";
		};
		31916A9325825650003816AB /* Localizable.stringsdict */ = {
			isa = PBXVariantGroup;
			children = (
				31916A9225825650003816AB /* en */,
				31916A9525825656003816AB /* hu */,
			);
			name = Localizable.stringsdict;
			sourceTree = "<group>";
		};
		31916A9C258257D4003816AB /* Awards.json */ = {
			isa = PBXVariantGroup;
			children = (
				31916A9B258257D4003816AB /* en */,
				31916A9E258257DE003816AB /* hu */,
			);
			name = Awards.json;
			sourceTree = "<group>";
		};
/* End PBXVariantGroup section */

/* Begin XCBuildConfiguration section */
		31054282254272FB008652CB /* Debug */ = {
			isa = XCBuildConfiguration;
			buildSettings = {
				ALWAYS_SEARCH_USER_PATHS = NO;
				CLANG_ANALYZER_LOCALIZABILITY_NONLOCALIZED = YES;
				CLANG_ANALYZER_NONNULL = YES;
				CLANG_ANALYZER_NUMBER_OBJECT_CONVERSION = YES_AGGRESSIVE;
				CLANG_CXX_LANGUAGE_STANDARD = "gnu++14";
				CLANG_CXX_LIBRARY = "libc++";
				CLANG_ENABLE_MODULES = YES;
				CLANG_ENABLE_OBJC_ARC = YES;
				CLANG_ENABLE_OBJC_WEAK = YES;
				CLANG_WARN_BLOCK_CAPTURE_AUTORELEASING = YES;
				CLANG_WARN_BOOL_CONVERSION = YES;
				CLANG_WARN_COMMA = YES;
				CLANG_WARN_CONSTANT_CONVERSION = YES;
				CLANG_WARN_DEPRECATED_OBJC_IMPLEMENTATIONS = YES;
				CLANG_WARN_DIRECT_OBJC_ISA_USAGE = YES_ERROR;
				CLANG_WARN_DOCUMENTATION_COMMENTS = YES;
				CLANG_WARN_EMPTY_BODY = YES;
				CLANG_WARN_ENUM_CONVERSION = YES;
				CLANG_WARN_INFINITE_RECURSION = YES;
				CLANG_WARN_INT_CONVERSION = YES;
				CLANG_WARN_NON_LITERAL_NULL_CONVERSION = YES;
				CLANG_WARN_OBJC_IMPLICIT_RETAIN_SELF = YES;
				CLANG_WARN_OBJC_LITERAL_CONVERSION = YES;
				CLANG_WARN_OBJC_ROOT_CLASS = YES_ERROR;
				CLANG_WARN_QUOTED_INCLUDE_IN_FRAMEWORK_HEADER = YES;
				CLANG_WARN_RANGE_LOOP_ANALYSIS = YES;
				CLANG_WARN_STRICT_PROTOTYPES = YES;
				CLANG_WARN_SUSPICIOUS_MOVE = YES;
				CLANG_WARN_UNGUARDED_AVAILABILITY = YES_AGGRESSIVE;
				CLANG_WARN_UNREACHABLE_CODE = YES;
				CLANG_WARN__DUPLICATE_METHOD_MATCH = YES;
				COPY_PHASE_STRIP = NO;
				DEBUG_INFORMATION_FORMAT = dwarf;
				ENABLE_STRICT_OBJC_MSGSEND = YES;
				ENABLE_TESTABILITY = YES;
				GCC_C_LANGUAGE_STANDARD = gnu11;
				GCC_DYNAMIC_NO_PIC = NO;
				GCC_NO_COMMON_BLOCKS = YES;
				GCC_OPTIMIZATION_LEVEL = 0;
				GCC_PREPROCESSOR_DEFINITIONS = (
					"DEBUG=1",
					"$(inherited)",
				);
				GCC_WARN_64_TO_32_BIT_CONVERSION = YES;
				GCC_WARN_ABOUT_RETURN_TYPE = YES_ERROR;
				GCC_WARN_UNDECLARED_SELECTOR = YES;
				GCC_WARN_UNINITIALIZED_AUTOS = YES_AGGRESSIVE;
				GCC_WARN_UNUSED_FUNCTION = YES;
				GCC_WARN_UNUSED_VARIABLE = YES;
				IPHONEOS_DEPLOYMENT_TARGET = 14.2;
				MTL_ENABLE_DEBUG_INFO = INCLUDE_SOURCE;
				MTL_FAST_MATH = YES;
				ONLY_ACTIVE_ARCH = YES;
				SDKROOT = iphoneos;
				SWIFT_ACTIVE_COMPILATION_CONDITIONS = DEBUG;
				SWIFT_OPTIMIZATION_LEVEL = "-Onone";
			};
			name = Debug;
		};
		31054283254272FB008652CB /* Release */ = {
			isa = XCBuildConfiguration;
			buildSettings = {
				ALWAYS_SEARCH_USER_PATHS = NO;
				CLANG_ANALYZER_LOCALIZABILITY_NONLOCALIZED = YES;
				CLANG_ANALYZER_NONNULL = YES;
				CLANG_ANALYZER_NUMBER_OBJECT_CONVERSION = YES_AGGRESSIVE;
				CLANG_CXX_LANGUAGE_STANDARD = "gnu++14";
				CLANG_CXX_LIBRARY = "libc++";
				CLANG_ENABLE_MODULES = YES;
				CLANG_ENABLE_OBJC_ARC = YES;
				CLANG_ENABLE_OBJC_WEAK = YES;
				CLANG_WARN_BLOCK_CAPTURE_AUTORELEASING = YES;
				CLANG_WARN_BOOL_CONVERSION = YES;
				CLANG_WARN_COMMA = YES;
				CLANG_WARN_CONSTANT_CONVERSION = YES;
				CLANG_WARN_DEPRECATED_OBJC_IMPLEMENTATIONS = YES;
				CLANG_WARN_DIRECT_OBJC_ISA_USAGE = YES_ERROR;
				CLANG_WARN_DOCUMENTATION_COMMENTS = YES;
				CLANG_WARN_EMPTY_BODY = YES;
				CLANG_WARN_ENUM_CONVERSION = YES;
				CLANG_WARN_INFINITE_RECURSION = YES;
				CLANG_WARN_INT_CONVERSION = YES;
				CLANG_WARN_NON_LITERAL_NULL_CONVERSION = YES;
				CLANG_WARN_OBJC_IMPLICIT_RETAIN_SELF = YES;
				CLANG_WARN_OBJC_LITERAL_CONVERSION = YES;
				CLANG_WARN_OBJC_ROOT_CLASS = YES_ERROR;
				CLANG_WARN_QUOTED_INCLUDE_IN_FRAMEWORK_HEADER = YES;
				CLANG_WARN_RANGE_LOOP_ANALYSIS = YES;
				CLANG_WARN_STRICT_PROTOTYPES = YES;
				CLANG_WARN_SUSPICIOUS_MOVE = YES;
				CLANG_WARN_UNGUARDED_AVAILABILITY = YES_AGGRESSIVE;
				CLANG_WARN_UNREACHABLE_CODE = YES;
				CLANG_WARN__DUPLICATE_METHOD_MATCH = YES;
				COPY_PHASE_STRIP = NO;
				DEBUG_INFORMATION_FORMAT = "dwarf-with-dsym";
				ENABLE_NS_ASSERTIONS = NO;
				ENABLE_STRICT_OBJC_MSGSEND = YES;
				GCC_C_LANGUAGE_STANDARD = gnu11;
				GCC_NO_COMMON_BLOCKS = YES;
				GCC_WARN_64_TO_32_BIT_CONVERSION = YES;
				GCC_WARN_ABOUT_RETURN_TYPE = YES_ERROR;
				GCC_WARN_UNDECLARED_SELECTOR = YES;
				GCC_WARN_UNINITIALIZED_AUTOS = YES_AGGRESSIVE;
				GCC_WARN_UNUSED_FUNCTION = YES;
				GCC_WARN_UNUSED_VARIABLE = YES;
				IPHONEOS_DEPLOYMENT_TARGET = 14.2;
				MTL_ENABLE_DEBUG_INFO = NO;
				MTL_FAST_MATH = YES;
				SDKROOT = iphoneos;
				SWIFT_COMPILATION_MODE = wholemodule;
				SWIFT_OPTIMIZATION_LEVEL = "-O";
				VALIDATE_PRODUCT = YES;
			};
			name = Release;
		};
		31054285254272FB008652CB /* Debug */ = {
			isa = XCBuildConfiguration;
			buildSettings = {
				ASSETCATALOG_COMPILER_APPICON_NAME = AppIcon;
				ASSETCATALOG_COMPILER_GLOBAL_ACCENT_COLOR_NAME = AccentColor;
				CODE_SIGN_ENTITLEMENTS = UltimatePortfolioApp/UltimatePortfolioApp.entitlements;
				CODE_SIGN_STYLE = Automatic;
				DEVELOPMENT_ASSET_PATHS = "\"UltimatePortfolioApp/Preview Content\"";
				DEVELOPMENT_TEAM = 63H3XHC5X4;
				ENABLE_PREVIEWS = YES;
				INFOPLIST_FILE = UltimatePortfolioApp/Info.plist;
				IPHONEOS_DEPLOYMENT_TARGET = 14.0;
				LD_RUNPATH_SEARCH_PATHS = (
					"$(inherited)",
					"@executable_path/Frameworks",
				);
				PRODUCT_BUNDLE_IDENTIFIER = com.krisdasiangchaew.UltimatePortfolioApp;
				PRODUCT_NAME = "$(TARGET_NAME)";
				SWIFT_VERSION = 5.0;
				TARGETED_DEVICE_FAMILY = "1,2";
			};
			name = Debug;
		};
		31054286254272FB008652CB /* Release */ = {
			isa = XCBuildConfiguration;
			buildSettings = {
				ASSETCATALOG_COMPILER_APPICON_NAME = AppIcon;
				ASSETCATALOG_COMPILER_GLOBAL_ACCENT_COLOR_NAME = AccentColor;
				CODE_SIGN_ENTITLEMENTS = UltimatePortfolioApp/UltimatePortfolioApp.entitlements;
				CODE_SIGN_STYLE = Automatic;
				DEVELOPMENT_ASSET_PATHS = "\"UltimatePortfolioApp/Preview Content\"";
				DEVELOPMENT_TEAM = 63H3XHC5X4;
				ENABLE_PREVIEWS = YES;
				INFOPLIST_FILE = UltimatePortfolioApp/Info.plist;
				IPHONEOS_DEPLOYMENT_TARGET = 14.0;
				LD_RUNPATH_SEARCH_PATHS = (
					"$(inherited)",
					"@executable_path/Frameworks",
				);
				PRODUCT_BUNDLE_IDENTIFIER = com.krisdasiangchaew.UltimatePortfolioApp;
				PRODUCT_NAME = "$(TARGET_NAME)";
				SWIFT_VERSION = 5.0;
				TARGETED_DEVICE_FAMILY = "1,2";
			};
			name = Release;
		};
/* End XCBuildConfiguration section */

/* Begin XCConfigurationList section */
		31054270254272F9008652CB /* Build configuration list for PBXProject "UltimatePortfolioApp" */ = {
			isa = XCConfigurationList;
			buildConfigurations = (
				31054282254272FB008652CB /* Debug */,
				31054283254272FB008652CB /* Release */,
			);
			defaultConfigurationIsVisible = 0;
			defaultConfigurationName = Release;
		};
		31054284254272FB008652CB /* Build configuration list for PBXNativeTarget "UltimatePortfolioApp" */ = {
			isa = XCConfigurationList;
			buildConfigurations = (
				31054285254272FB008652CB /* Debug */,
				31054286254272FB008652CB /* Release */,
			);
			defaultConfigurationIsVisible = 0;
			defaultConfigurationName = Release;
		};
/* End XCConfigurationList section */

/* Begin XCVersionGroup section */
		310542882542801C008652CB /* Main.xcdatamodeld */ = {
			isa = XCVersionGroup;
			children = (
				310542892542801C008652CB /* Main.xcdatamodel */,
			);
			currentVersion = 310542892542801C008652CB /* Main.xcdatamodel */;
			path = Main.xcdatamodeld;
			sourceTree = "<group>";
			versionGroupType = wrapper.xcdatamodel;
		};
/* End XCVersionGroup section */
	};
	rootObject = 3105426D254272F9008652CB /* Project object */;
}
