// !$*UTF8*$!
{
	archiveVersion = 1;
	classes = {
	};
	objectVersion = 50;
	objects = {

/* Begin PBXBuildFile section */
		3101B09F25482C8F005F2F2B /* EditItemView.swift in Sources */ = {isa = PBXBuildFile; fileRef = 3101B09E25482C8F005F2F2B /* EditItemView.swift */; };
		3101B0A2254879C7005F2F2B /* ItemRowView.swift in Sources */ = {isa = PBXBuildFile; fileRef = 3101B0A1254879C7005F2F2B /* ItemRowView.swift */; };
		3101B0A525490960005F2F2B /* Binding-OnChange.swift in Sources */ = {isa = PBXBuildFile; fileRef = 3101B0A425490960005F2F2B /* Binding-OnChange.swift */; };
		31054279254272F9008652CB /* UltimatePortfolioAppApp.swift in Sources */ = {isa = PBXBuildFile; fileRef = 31054278254272F9008652CB /* UltimatePortfolioAppApp.swift */; };
		3105427B254272F9008652CB /* ContentView.swift in Sources */ = {isa = PBXBuildFile; fileRef = 3105427A254272F9008652CB /* ContentView.swift */; };
		3105427D254272FB008652CB /* Assets.xcassets in Resources */ = {isa = PBXBuildFile; fileRef = 3105427C254272FB008652CB /* Assets.xcassets */; };
		3105428A2542801C008652CB /* Main.xcdatamodeld in Sources */ = {isa = PBXBuildFile; fileRef = 310542882542801C008652CB /* Main.xcdatamodeld */; };
		3105428D254282C4008652CB /* DataController.swift in Sources */ = {isa = PBXBuildFile; fileRef = 3105428C254282C4008652CB /* DataController.swift */; };
		3122D0DF25DE299000F5AD72 /* ExtensionTests.swift in Sources */ = {isa = PBXBuildFile; fileRef = 3122D0DE25DE299000F5AD72 /* ExtensionTests.swift */; };
		3122D0EA25DE5C6500F5AD72 /* DecodableString.json in Resources */ = {isa = PBXBuildFile; fileRef = 3122D0E925DE5C6500F5AD72 /* DecodableString.json */; };
		3138820E26749B8A00CCE393 /* UnlockManager.swift in Sources */ = {isa = PBXBuildFile; fileRef = 3138820D26749B8A00CCE393 /* UnlockManager.swift */; };
		313882112674AC1000CCE393 /* SKProduct-LocalizedPrice.swift in Sources */ = {isa = PBXBuildFile; fileRef = 313882102674AC1000CCE393 /* SKProduct-LocalizedPrice.swift */; };
		313882132674AD3F00CCE393 /* PurchaseButton.swift in Sources */ = {isa = PBXBuildFile; fileRef = 313882122674AD3F00CCE393 /* PurchaseButton.swift */; };
		313882152674AE7B00CCE393 /* ProductView.swift in Sources */ = {isa = PBXBuildFile; fileRef = 313882142674AE7B00CCE393 /* ProductView.swift */; };
		313882172675903700CCE393 /* UnlockView.swift in Sources */ = {isa = PBXBuildFile; fileRef = 313882162675903700CCE393 /* UnlockView.swift */; };
		3138821A2675AA9500CCE393 /* AppDelegate.swift in Sources */ = {isa = PBXBuildFile; fileRef = 313882192675AA9500CCE393 /* AppDelegate.swift */; };
		3138821C2675AACB00CCE393 /* SceneDelegate.swift in Sources */ = {isa = PBXBuildFile; fileRef = 3138821B2675AACB00CCE393 /* SceneDelegate.swift */; };
		3152F635256404E200615A9D /* Award.swift in Sources */ = {isa = PBXBuildFile; fileRef = 3152F634256404E200615A9D /* Award.swift */; };
		3152F638256405A200615A9D /* AwardsView.swift in Sources */ = {isa = PBXBuildFile; fileRef = 3152F637256405A200615A9D /* AwardsView.swift */; };
		3157CD02257CA8A800E5421E /* Color-Additions.swift in Sources */ = {isa = PBXBuildFile; fileRef = 3157CD01257CA8A800E5421E /* Color-Additions.swift */; };
		316CA4472542BA3100C7AE62 /* CloudKit.framework in Frameworks */ = {isa = PBXBuildFile; fileRef = 316CA4462542BA3100C7AE62 /* CloudKit.framework */; };
		317C84DD2546F9A600FC118F /* Item-CoreDataHelpers.swift in Sources */ = {isa = PBXBuildFile; fileRef = 317C84DC2546F9A600FC118F /* Item-CoreDataHelpers.swift */; };
		317C84E12546FA7100FC118F /* Project-CoreDataHelpers.swift in Sources */ = {isa = PBXBuildFile; fileRef = 317C84E02546FA7100FC118F /* Project-CoreDataHelpers.swift */; };
		317E524025E2050B0040B71A /* DecodableDictionary.json in Resources */ = {isa = PBXBuildFile; fileRef = 317E523F25E2050B0040B71A /* DecodableDictionary.json */; };
		318A928A254C08320054FDD7 /* ProjectHeaderView.swift in Sources */ = {isa = PBXBuildFile; fileRef = 318A9289254C08320054FDD7 /* ProjectHeaderView.swift */; };
		318A928D254C118D0054FDD7 /* Colors.xcassets in Resources */ = {isa = PBXBuildFile; fileRef = 318A928C254C118D0054FDD7 /* Colors.xcassets */; };
		318A9290254D3D9B0054FDD7 /* EditProjectView.swift in Sources */ = {isa = PBXBuildFile; fileRef = 318A928F254D3D9B0054FDD7 /* EditProjectView.swift */; };
		31916A8A2582480C003816AB /* Localizable.strings in Resources */ = {isa = PBXBuildFile; fileRef = 31916A8C2582480C003816AB /* Localizable.strings */; };
		31916A9125825650003816AB /* Localizable.stringsdict in Resources */ = {isa = PBXBuildFile; fileRef = 31916A9325825650003816AB /* Localizable.stringsdict */; };
		31916A9A258257D4003816AB /* Awards.json in Resources */ = {isa = PBXBuildFile; fileRef = 31916A9C258257D4003816AB /* Awards.json */; };
		31B7336325C2FDCF0003868A /* UltimatePortfolioAppTests.swift in Sources */ = {isa = PBXBuildFile; fileRef = 31B7336225C2FDCF0003868A /* UltimatePortfolioAppTests.swift */; };
		31B7336D25C2FF630003868A /* AssetTests.swift in Sources */ = {isa = PBXBuildFile; fileRef = 31B7336C25C2FF630003868A /* AssetTests.swift */; };
		31B7337125C302850003868A /* ProjectTests.swift in Sources */ = {isa = PBXBuildFile; fileRef = 31B7337025C302850003868A /* ProjectTests.swift */; };
		31B7337525C307180003868A /* AwardTests.swift in Sources */ = {isa = PBXBuildFile; fileRef = 31B7337425C307180003868A /* AwardTests.swift */; };
		31B7337925C311020003868A /* DevelopmentTests.swift in Sources */ = {isa = PBXBuildFile; fileRef = 31B7337825C311020003868A /* DevelopmentTests.swift */; };
		31C72F0B25431CDC00C5784B /* HomeView.swift in Sources */ = {isa = PBXBuildFile; fileRef = 31C72F0A25431CDC00C5784B /* HomeView.swift */; };
		31C72F0E25431FC700C5784B /* ProjectsView.swift in Sources */ = {isa = PBXBuildFile; fileRef = 31C72F0D25431FC700C5784B /* ProjectsView.swift */; };
		31E6AD6D25601ABC00BCC524 /* Bundle-Decode.swift in Sources */ = {isa = PBXBuildFile; fileRef = 31E6AD6C25601ABC00BCC524 /* Bundle-Decode.swift */; };
		31E8E09A2605967B00D7AE1F /* PerformanceTests.swift in Sources */ = {isa = PBXBuildFile; fileRef = 31E8E0992605967B00D7AE1F /* PerformanceTests.swift */; };
		31E8E0A426059B2F00D7AE1F /* UltimatePortfolioAppUITests.swift in Sources */ = {isa = PBXBuildFile; fileRef = 31E8E0A326059B2F00D7AE1F /* UltimatePortfolioAppUITests.swift */; };
		31E8E0AF2605E80200D7AE1F /* ProjectsViewModel.swift in Sources */ = {isa = PBXBuildFile; fileRef = 31E8E0AE2605E80200D7AE1F /* ProjectsViewModel.swift */; };
		31E8E0B42605F2FA00D7AE1F /* HomeViewModel.swift in Sources */ = {isa = PBXBuildFile; fileRef = 31E8E0B32605F2FA00D7AE1F /* HomeViewModel.swift */; };
		31EBFC4D255C3D11002E7B54 /* Sequence-Sorting.swift in Sources */ = {isa = PBXBuildFile; fileRef = 31EBFC4C255C3D11002E7B54 /* Sequence-Sorting.swift */; };
		31EBFC51255C452B002E7B54 /* SelectSomethingView.swift in Sources */ = {isa = PBXBuildFile; fileRef = 31EBFC50255C452B002E7B54 /* SelectSomethingView.swift */; };
		31ED5324258E537000969993 /* ItemListView.swift in Sources */ = {isa = PBXBuildFile; fileRef = 31ED5323258E537000969993 /* ItemListView.swift */; };
		31ED5327258E553800969993 /* ProjectSummaryView.swift in Sources */ = {isa = PBXBuildFile; fileRef = 31ED5326258E553800969993 /* ProjectSummaryView.swift */; };
/* End PBXBuildFile section */

/* Begin PBXContainerItemProxy section */
		31B7336525C2FDCF0003868A /* PBXContainerItemProxy */ = {
			isa = PBXContainerItemProxy;
			containerPortal = 3105426D254272F9008652CB /* Project object */;
			proxyType = 1;
			remoteGlobalIDString = 31054274254272F9008652CB;
			remoteInfo = UltimatePortfolioApp;
		};
		31E8E0A626059B2F00D7AE1F /* PBXContainerItemProxy */ = {
			isa = PBXContainerItemProxy;
			containerPortal = 3105426D254272F9008652CB /* Project object */;
			proxyType = 1;
			remoteGlobalIDString = 31054274254272F9008652CB;
			remoteInfo = UltimatePortfolioApp;
		};
/* End PBXContainerItemProxy section */

/* Begin PBXCopyFilesBuildPhase section */
		313882352675F82B00CCE393 /* Embed App Extensions */ = {
			isa = PBXCopyFilesBuildPhase;
			buildActionMask = 2147483647;
			dstPath = "";
			dstSubfolderSpec = 13;
			files = (
			);
			name = "Embed App Extensions";
			runOnlyForDeploymentPostprocessing = 0;
		};
/* End PBXCopyFilesBuildPhase section */

/* Begin PBXFileReference section */
		3101B09E25482C8F005F2F2B /* EditItemView.swift */ = {isa = PBXFileReference; lastKnownFileType = sourcecode.swift; path = EditItemView.swift; sourceTree = "<group>"; };
		3101B0A1254879C7005F2F2B /* ItemRowView.swift */ = {isa = PBXFileReference; lastKnownFileType = sourcecode.swift; path = ItemRowView.swift; sourceTree = "<group>"; };
		3101B0A425490960005F2F2B /* Binding-OnChange.swift */ = {isa = PBXFileReference; lastKnownFileType = sourcecode.swift; path = "Binding-OnChange.swift"; sourceTree = "<group>"; };
		31054275254272F9008652CB /* UltimatePortfolioApp.app */ = {isa = PBXFileReference; explicitFileType = wrapper.application; includeInIndex = 0; path = UltimatePortfolioApp.app; sourceTree = BUILT_PRODUCTS_DIR; };
		31054278254272F9008652CB /* UltimatePortfolioAppApp.swift */ = {isa = PBXFileReference; lastKnownFileType = sourcecode.swift; path = UltimatePortfolioAppApp.swift; sourceTree = "<group>"; };
		3105427A254272F9008652CB /* ContentView.swift */ = {isa = PBXFileReference; lastKnownFileType = sourcecode.swift; path = ContentView.swift; sourceTree = "<group>"; };
		3105427C254272FB008652CB /* Assets.xcassets */ = {isa = PBXFileReference; lastKnownFileType = folder.assetcatalog; path = Assets.xcassets; sourceTree = "<group>"; };
		31054281254272FB008652CB /* Info.plist */ = {isa = PBXFileReference; lastKnownFileType = text.plist.xml; path = Info.plist; sourceTree = "<group>"; };
		310542892542801C008652CB /* Main.xcdatamodel */ = {isa = PBXFileReference; lastKnownFileType = wrapper.xcdatamodel; path = Main.xcdatamodel; sourceTree = "<group>"; };
		3105428C254282C4008652CB /* DataController.swift */ = {isa = PBXFileReference; lastKnownFileType = sourcecode.swift; path = DataController.swift; sourceTree = "<group>"; };
		3122D0DE25DE299000F5AD72 /* ExtensionTests.swift */ = {isa = PBXFileReference; lastKnownFileType = sourcecode.swift; path = ExtensionTests.swift; sourceTree = "<group>"; };
		3122D0E925DE5C6500F5AD72 /* DecodableString.json */ = {isa = PBXFileReference; lastKnownFileType = text.json; path = DecodableString.json; sourceTree = "<group>"; };
		3138820D26749B8A00CCE393 /* UnlockManager.swift */ = {isa = PBXFileReference; lastKnownFileType = sourcecode.swift; path = UnlockManager.swift; sourceTree = "<group>"; };
		3138820F26749FF800CCE393 /* Configuration.storekit */ = {isa = PBXFileReference; lastKnownFileType = text; path = Configuration.storekit; sourceTree = "<group>"; };
		313882102674AC1000CCE393 /* SKProduct-LocalizedPrice.swift */ = {isa = PBXFileReference; lastKnownFileType = sourcecode.swift; path = "SKProduct-LocalizedPrice.swift"; sourceTree = "<group>"; };
		313882122674AD3F00CCE393 /* PurchaseButton.swift */ = {isa = PBXFileReference; lastKnownFileType = sourcecode.swift; path = PurchaseButton.swift; sourceTree = "<group>"; };
		313882142674AE7B00CCE393 /* ProductView.swift */ = {isa = PBXFileReference; lastKnownFileType = sourcecode.swift; path = ProductView.swift; sourceTree = "<group>"; };
		313882162675903700CCE393 /* UnlockView.swift */ = {isa = PBXFileReference; lastKnownFileType = sourcecode.swift; path = UnlockView.swift; sourceTree = "<group>"; };
		313882192675AA9500CCE393 /* AppDelegate.swift */ = {isa = PBXFileReference; lastKnownFileType = sourcecode.swift; path = AppDelegate.swift; sourceTree = "<group>"; };
		3138821B2675AACB00CCE393 /* SceneDelegate.swift */ = {isa = PBXFileReference; lastKnownFileType = sourcecode.swift; path = SceneDelegate.swift; sourceTree = "<group>"; };
		313882222675F82700CCE393 /* WidgetKit.framework */ = {isa = PBXFileReference; lastKnownFileType = wrapper.framework; name = WidgetKit.framework; path = System/Library/Frameworks/WidgetKit.framework; sourceTree = SDKROOT; };
		313882242675F82700CCE393 /* SwiftUI.framework */ = {isa = PBXFileReference; lastKnownFileType = wrapper.framework; name = SwiftUI.framework; path = System/Library/Frameworks/SwiftUI.framework; sourceTree = SDKROOT; };
		3152F634256404E200615A9D /* Award.swift */ = {isa = PBXFileReference; lastKnownFileType = sourcecode.swift; path = Award.swift; sourceTree = "<group>"; };
		3152F637256405A200615A9D /* AwardsView.swift */ = {isa = PBXFileReference; lastKnownFileType = sourcecode.swift; path = AwardsView.swift; sourceTree = "<group>"; };
		3157CD01257CA8A800E5421E /* Color-Additions.swift */ = {isa = PBXFileReference; lastKnownFileType = sourcecode.swift; path = "Color-Additions.swift"; sourceTree = "<group>"; };
		316CA4442542BA1400C7AE62 /* UltimatePortfolioApp.entitlements */ = {isa = PBXFileReference; lastKnownFileType = text.plist.entitlements; path = UltimatePortfolioApp.entitlements; sourceTree = "<group>"; };
		316CA4462542BA3100C7AE62 /* CloudKit.framework */ = {isa = PBXFileReference; lastKnownFileType = wrapper.framework; name = CloudKit.framework; path = System/Library/Frameworks/CloudKit.framework; sourceTree = SDKROOT; };
		317C84DC2546F9A600FC118F /* Item-CoreDataHelpers.swift */ = {isa = PBXFileReference; lastKnownFileType = sourcecode.swift; path = "Item-CoreDataHelpers.swift"; sourceTree = "<group>"; };
		317C84E02546FA7100FC118F /* Project-CoreDataHelpers.swift */ = {isa = PBXFileReference; lastKnownFileType = sourcecode.swift; path = "Project-CoreDataHelpers.swift"; sourceTree = "<group>"; };
		317E523F25E2050B0040B71A /* DecodableDictionary.json */ = {isa = PBXFileReference; lastKnownFileType = text.json; path = DecodableDictionary.json; sourceTree = "<group>"; };
		318A9289254C08320054FDD7 /* ProjectHeaderView.swift */ = {isa = PBXFileReference; lastKnownFileType = sourcecode.swift; path = ProjectHeaderView.swift; sourceTree = "<group>"; };
		318A928C254C118D0054FDD7 /* Colors.xcassets */ = {isa = PBXFileReference; lastKnownFileType = folder.assetcatalog; path = Colors.xcassets; sourceTree = "<group>"; };
		318A928F254D3D9B0054FDD7 /* EditProjectView.swift */ = {isa = PBXFileReference; lastKnownFileType = sourcecode.swift; path = EditProjectView.swift; sourceTree = "<group>"; };
		31916A8B2582480C003816AB /* en */ = {isa = PBXFileReference; lastKnownFileType = text.plist.strings; name = en; path = en.lproj/Localizable.strings; sourceTree = "<group>"; };
		31916A9025824C5C003816AB /* hu */ = {isa = PBXFileReference; lastKnownFileType = text.plist.strings; name = hu; path = hu.lproj/Localizable.strings; sourceTree = "<group>"; };
		31916A9225825650003816AB /* en */ = {isa = PBXFileReference; lastKnownFileType = text.plist.stringsdict; name = en; path = en.lproj/Localizable.stringsdict; sourceTree = "<group>"; };
		31916A9525825656003816AB /* hu */ = {isa = PBXFileReference; lastKnownFileType = text.plist.stringsdict; name = hu; path = hu.lproj/Localizable.stringsdict; sourceTree = "<group>"; };
		31916A9B258257D4003816AB /* en */ = {isa = PBXFileReference; lastKnownFileType = text.json; name = en; path = en.lproj/Awards.json; sourceTree = "<group>"; };
		31916A9E258257DE003816AB /* hu */ = {isa = PBXFileReference; lastKnownFileType = text.json; name = hu; path = hu.lproj/Awards.json; sourceTree = "<group>"; };
		31B7336025C2FDCF0003868A /* UltimatePortfolioAppTests.xctest */ = {isa = PBXFileReference; explicitFileType = wrapper.cfbundle; includeInIndex = 0; path = UltimatePortfolioAppTests.xctest; sourceTree = BUILT_PRODUCTS_DIR; };
		31B7336225C2FDCF0003868A /* UltimatePortfolioAppTests.swift */ = {isa = PBXFileReference; lastKnownFileType = sourcecode.swift; path = UltimatePortfolioAppTests.swift; sourceTree = "<group>"; };
		31B7336425C2FDCF0003868A /* Info.plist */ = {isa = PBXFileReference; lastKnownFileType = text.plist.xml; path = Info.plist; sourceTree = "<group>"; };
		31B7336C25C2FF630003868A /* AssetTests.swift */ = {isa = PBXFileReference; lastKnownFileType = sourcecode.swift; path = AssetTests.swift; sourceTree = "<group>"; };
		31B7337025C302850003868A /* ProjectTests.swift */ = {isa = PBXFileReference; lastKnownFileType = sourcecode.swift; path = ProjectTests.swift; sourceTree = "<group>"; };
		31B7337425C307180003868A /* AwardTests.swift */ = {isa = PBXFileReference; lastKnownFileType = sourcecode.swift; path = AwardTests.swift; sourceTree = "<group>"; };
		31B7337825C311020003868A /* DevelopmentTests.swift */ = {isa = PBXFileReference; lastKnownFileType = sourcecode.swift; path = DevelopmentTests.swift; sourceTree = "<group>"; };
		31C72F0A25431CDC00C5784B /* HomeView.swift */ = {isa = PBXFileReference; lastKnownFileType = sourcecode.swift; path = HomeView.swift; sourceTree = "<group>"; };
		31C72F0D25431FC700C5784B /* ProjectsView.swift */ = {isa = PBXFileReference; lastKnownFileType = sourcecode.swift; path = ProjectsView.swift; sourceTree = "<group>"; };
		31E6AD6C25601ABC00BCC524 /* Bundle-Decode.swift */ = {isa = PBXFileReference; lastKnownFileType = sourcecode.swift; path = "Bundle-Decode.swift"; sourceTree = "<group>"; };
		31E8E0992605967B00D7AE1F /* PerformanceTests.swift */ = {isa = PBXFileReference; lastKnownFileType = sourcecode.swift; path = PerformanceTests.swift; sourceTree = "<group>"; };
		31E8E0A126059B2F00D7AE1F /* UltimatePortfolioAppUITests.xctest */ = {isa = PBXFileReference; explicitFileType = wrapper.cfbundle; includeInIndex = 0; path = UltimatePortfolioAppUITests.xctest; sourceTree = BUILT_PRODUCTS_DIR; };
		31E8E0A326059B2F00D7AE1F /* UltimatePortfolioAppUITests.swift */ = {isa = PBXFileReference; lastKnownFileType = sourcecode.swift; path = UltimatePortfolioAppUITests.swift; sourceTree = "<group>"; };
		31E8E0A526059B2F00D7AE1F /* Info.plist */ = {isa = PBXFileReference; lastKnownFileType = text.plist.xml; path = Info.plist; sourceTree = "<group>"; };
		31E8E0AE2605E80200D7AE1F /* ProjectsViewModel.swift */ = {isa = PBXFileReference; lastKnownFileType = sourcecode.swift; path = ProjectsViewModel.swift; sourceTree = "<group>"; };
		31E8E0B32605F2FA00D7AE1F /* HomeViewModel.swift */ = {isa = PBXFileReference; lastKnownFileType = sourcecode.swift; path = HomeViewModel.swift; sourceTree = "<group>"; };
		31EBFC4C255C3D11002E7B54 /* Sequence-Sorting.swift */ = {isa = PBXFileReference; lastKnownFileType = sourcecode.swift; path = "Sequence-Sorting.swift"; sourceTree = "<group>"; };
		31EBFC50255C452B002E7B54 /* SelectSomethingView.swift */ = {isa = PBXFileReference; lastKnownFileType = sourcecode.swift; path = SelectSomethingView.swift; sourceTree = "<group>"; };
		31ED5323258E537000969993 /* ItemListView.swift */ = {isa = PBXFileReference; lastKnownFileType = sourcecode.swift; path = ItemListView.swift; sourceTree = "<group>"; };
		31ED5326258E553800969993 /* ProjectSummaryView.swift */ = {isa = PBXFileReference; lastKnownFileType = sourcecode.swift; path = ProjectSummaryView.swift; sourceTree = "<group>"; };
/* End PBXFileReference section */

/* Begin PBXFrameworksBuildPhase section */
		31054272254272F9008652CB /* Frameworks */ = {
			isa = PBXFrameworksBuildPhase;
			buildActionMask = 2147483647;
			files = (
				316CA4472542BA3100C7AE62 /* CloudKit.framework in Frameworks */,
			);
			runOnlyForDeploymentPostprocessing = 0;
		};
		31B7335D25C2FDCF0003868A /* Frameworks */ = {
			isa = PBXFrameworksBuildPhase;
			buildActionMask = 2147483647;
			files = (
			);
			runOnlyForDeploymentPostprocessing = 0;
		};
		31E8E09E26059B2F00D7AE1F /* Frameworks */ = {
			isa = PBXFrameworksBuildPhase;
			buildActionMask = 2147483647;
			files = (
			);
			runOnlyForDeploymentPostprocessing = 0;
		};
/* End PBXFrameworksBuildPhase section */

/* Begin PBXGroup section */
		3105426C254272F9008652CB = {
			isa = PBXGroup;
			children = (
				31054277254272F9008652CB /* UltimatePortfolioApp */,
				31B7336125C2FDCF0003868A /* UltimatePortfolioAppTests */,
				31E8E0A226059B2F00D7AE1F /* UltimatePortfolioAppUITests */,
				31054276254272F9008652CB /* Products */,
				316CA4452542BA3100C7AE62 /* Frameworks */,
			);
			sourceTree = "<group>";
		};
		31054276254272F9008652CB /* Products */ = {
			isa = PBXGroup;
			children = (
				31054275254272F9008652CB /* UltimatePortfolioApp.app */,
				31B7336025C2FDCF0003868A /* UltimatePortfolioAppTests.xctest */,
				31E8E0A126059B2F00D7AE1F /* UltimatePortfolioAppUITests.xctest */,
			);
			name = Products;
			sourceTree = "<group>";
		};
		31054277254272F9008652CB /* UltimatePortfolioApp */ = {
			isa = PBXGroup;
			children = (
				3105427A254272F9008652CB /* ContentView.swift */,
				31306ED325A84FA40093FCFA /* Activities */,
				31306ED025A84F410093FCFA /* Extensions */,
				31306ED225A84F750093FCFA /* Localization */,
				31306EDA25A8505E0093FCFA /* Configuration */,
				31054278254272F9008652CB /* UltimatePortfolioAppApp.swift */,
				313882192675AA9500CCE393 /* AppDelegate.swift */,
				3138821B2675AACB00CCE393 /* SceneDelegate.swift */,
				3105428C254282C4008652CB /* DataController.swift */,
				3105427C254272FB008652CB /* Assets.xcassets */,
				318A928C254C118D0054FDD7 /* Colors.xcassets */,
				31306ED725A84FF20093FCFA /* Preview Content */,
			);
			path = UltimatePortfolioApp;
			sourceTree = "<group>";
		};
		3122D0E225DE5BE200F5AD72 /* Fixtures */ = {
			isa = PBXGroup;
			children = (
				3122D0E925DE5C6500F5AD72 /* DecodableString.json */,
				317E523F25E2050B0040B71A /* DecodableDictionary.json */,
			);
			path = Fixtures;
			sourceTree = "<group>";
		};
		31306ECD25A84EA80093FCFA /* Home */ = {
			isa = PBXGroup;
			children = (
				31C72F0A25431CDC00C5784B /* HomeView.swift */,
				31E8E0B32605F2FA00D7AE1F /* HomeViewModel.swift */,
				31ED5323258E537000969993 /* ItemListView.swift */,
				31ED5326258E553800969993 /* ProjectSummaryView.swift */,
			);
			path = Home;
			sourceTree = "<group>";
		};
		31306ECE25A84EAF0093FCFA /* Projects */ = {
			isa = PBXGroup;
			children = (
				31C72F0D25431FC700C5784B /* ProjectsView.swift */,
				3101B09E25482C8F005F2F2B /* EditItemView.swift */,
				318A928F254D3D9B0054FDD7 /* EditProjectView.swift */,
				31E8E0AE2605E80200D7AE1F /* ProjectsViewModel.swift */,
				3101B0A1254879C7005F2F2B /* ItemRowView.swift */,
				31EBFC50255C452B002E7B54 /* SelectSomethingView.swift */,
				318A9289254C08320054FDD7 /* ProjectHeaderView.swift */,
			);
			path = Projects;
			sourceTree = "<group>";
		};
		31306ECF25A84EB70093FCFA /* Awards */ = {
			isa = PBXGroup;
			children = (
				3152F634256404E200615A9D /* Award.swift */,
				3152F637256405A200615A9D /* AwardsView.swift */,
				31916A9C258257D4003816AB /* Awards.json */,
			);
			path = Awards;
			sourceTree = "<group>";
		};
		31306ED025A84F410093FCFA /* Extensions */ = {
			isa = PBXGroup;
			children = (
				3101B0A425490960005F2F2B /* Binding-OnChange.swift */,
				31E6AD6C25601ABC00BCC524 /* Bundle-Decode.swift */,
				3157CD01257CA8A800E5421E /* Color-Additions.swift */,
				31EBFC4C255C3D11002E7B54 /* Sequence-Sorting.swift */,
				317C84E02546FA7100FC118F /* Project-CoreDataHelpers.swift */,
				317C84DC2546F9A600FC118F /* Item-CoreDataHelpers.swift */,
				313882102674AC1000CCE393 /* SKProduct-LocalizedPrice.swift */,
			);
			path = Extensions;
			sourceTree = "<group>";
		};
		31306ED225A84F750093FCFA /* Localization */ = {
			isa = PBXGroup;
			children = (
				31916A8C2582480C003816AB /* Localizable.strings */,
				31916A9325825650003816AB /* Localizable.stringsdict */,
			);
			path = Localization;
			sourceTree = "<group>";
		};
		31306ED325A84FA40093FCFA /* Activities */ = {
			isa = PBXGroup;
			children = (
				313882182675945B00CCE393 /* Unlock */,
				31306ECD25A84EA80093FCFA /* Home */,
				31306ECF25A84EB70093FCFA /* Awards */,
				31306ECE25A84EAF0093FCFA /* Projects */,
			);
			path = Activities;
			sourceTree = "<group>";
		};
		31306ED725A84FF20093FCFA /* Preview Content */ = {
			isa = PBXGroup;
			children = (
			);
			path = "Preview Content";
			sourceTree = "<group>";
		};
		31306EDA25A8505E0093FCFA /* Configuration */ = {
			isa = PBXGroup;
			children = (
				3138820F26749FF800CCE393 /* Configuration.storekit */,
				310542882542801C008652CB /* Main.xcdatamodeld */,
				31054281254272FB008652CB /* Info.plist */,
				316CA4442542BA1400C7AE62 /* UltimatePortfolioApp.entitlements */,
			);
			path = Configuration;
			sourceTree = "<group>";
		};
		313882182675945B00CCE393 /* Unlock */ = {
			isa = PBXGroup;
			children = (
				3138820D26749B8A00CCE393 /* UnlockManager.swift */,
				313882142674AE7B00CCE393 /* ProductView.swift */,
				313882162675903700CCE393 /* UnlockView.swift */,
				313882122674AD3F00CCE393 /* PurchaseButton.swift */,
			);
			path = Unlock;
			sourceTree = "<group>";
		};
		316CA4452542BA3100C7AE62 /* Frameworks */ = {
			isa = PBXGroup;
			children = (
				316CA4462542BA3100C7AE62 /* CloudKit.framework */,
				313882222675F82700CCE393 /* WidgetKit.framework */,
				313882242675F82700CCE393 /* SwiftUI.framework */,
			);
			name = Frameworks;
			sourceTree = "<group>";
		};
		31B7336125C2FDCF0003868A /* UltimatePortfolioAppTests */ = {
			isa = PBXGroup;
			children = (
				3122D0E225DE5BE200F5AD72 /* Fixtures */,
				31B7336225C2FDCF0003868A /* UltimatePortfolioAppTests.swift */,
				31B7337425C307180003868A /* AwardTests.swift */,
				31B7337825C311020003868A /* DevelopmentTests.swift */,
				31B7337025C302850003868A /* ProjectTests.swift */,
				31B7336C25C2FF630003868A /* AssetTests.swift */,
				3122D0DE25DE299000F5AD72 /* ExtensionTests.swift */,
				31E8E0992605967B00D7AE1F /* PerformanceTests.swift */,
				31B7336425C2FDCF0003868A /* Info.plist */,
			);
			path = UltimatePortfolioAppTests;
			sourceTree = "<group>";
		};
		31E8E0A226059B2F00D7AE1F /* UltimatePortfolioAppUITests */ = {
			isa = PBXGroup;
			children = (
				31E8E0A326059B2F00D7AE1F /* UltimatePortfolioAppUITests.swift */,
				31E8E0A526059B2F00D7AE1F /* Info.plist */,
			);
			path = UltimatePortfolioAppUITests;
			sourceTree = "<group>";
		};
/* End PBXGroup section */

/* Begin PBXNativeTarget section */
		31054274254272F9008652CB /* UltimatePortfolioApp */ = {
			isa = PBXNativeTarget;
			buildConfigurationList = 31054284254272FB008652CB /* Build configuration list for PBXNativeTarget "UltimatePortfolioApp" */;
			buildPhases = (
				31054271254272F9008652CB /* Sources */,
				31054272254272F9008652CB /* Frameworks */,
				31054273254272F9008652CB /* Resources */,
				3149BE442594F7BD0053C06F /* SwiftLint */,
				313882352675F82B00CCE393 /* Embed App Extensions */,
			);
			buildRules = (
			);
			dependencies = (
			);
			name = UltimatePortfolioApp;
			productName = UltimatePortfolioApp;
			productReference = 31054275254272F9008652CB /* UltimatePortfolioApp.app */;
			productType = "com.apple.product-type.application";
		};
		31B7335F25C2FDCF0003868A /* UltimatePortfolioAppTests */ = {
			isa = PBXNativeTarget;
			buildConfigurationList = 31B7336725C2FDCF0003868A /* Build configuration list for PBXNativeTarget "UltimatePortfolioAppTests" */;
			buildPhases = (
				31B7335C25C2FDCF0003868A /* Sources */,
				31B7335D25C2FDCF0003868A /* Frameworks */,
				31B7335E25C2FDCF0003868A /* Resources */,
			);
			buildRules = (
			);
			dependencies = (
				31B7336625C2FDCF0003868A /* PBXTargetDependency */,
			);
			name = UltimatePortfolioAppTests;
			productName = UltimatePortfolioAppTests;
			productReference = 31B7336025C2FDCF0003868A /* UltimatePortfolioAppTests.xctest */;
			productType = "com.apple.product-type.bundle.unit-test";
		};
		31E8E0A026059B2F00D7AE1F /* UltimatePortfolioAppUITests */ = {
			isa = PBXNativeTarget;
			buildConfigurationList = 31E8E0A826059B2F00D7AE1F /* Build configuration list for PBXNativeTarget "UltimatePortfolioAppUITests" */;
			buildPhases = (
				31E8E09D26059B2F00D7AE1F /* Sources */,
				31E8E09E26059B2F00D7AE1F /* Frameworks */,
				31E8E09F26059B2F00D7AE1F /* Resources */,
			);
			buildRules = (
			);
			dependencies = (
				31E8E0A726059B2F00D7AE1F /* PBXTargetDependency */,
			);
			name = UltimatePortfolioAppUITests;
			productName = UltimatePortfolioAppUITests;
			productReference = 31E8E0A126059B2F00D7AE1F /* UltimatePortfolioAppUITests.xctest */;
			productType = "com.apple.product-type.bundle.ui-testing";
		};
/* End PBXNativeTarget section */

/* Begin PBXProject section */
		3105426D254272F9008652CB /* Project object */ = {
			isa = PBXProject;
			attributes = {
				LastSwiftUpdateCheck = 1250;
				LastUpgradeCheck = 1230;
				TargetAttributes = {
					31054274254272F9008652CB = {
						CreatedOnToolsVersion = 12.1;
					};
					31B7335F25C2FDCF0003868A = {
						CreatedOnToolsVersion = 12.4;
						TestTargetID = 31054274254272F9008652CB;
					};
					31E8E0A026059B2F00D7AE1F = {
						CreatedOnToolsVersion = 12.4;
						TestTargetID = 31054274254272F9008652CB;
					};
				};
			};
			buildConfigurationList = 31054270254272F9008652CB /* Build configuration list for PBXProject "UltimatePortfolioApp" */;
			compatibilityVersion = "Xcode 9.3";
			developmentRegion = en;
			hasScannedForEncodings = 0;
			knownRegions = (
				en,
				Base,
				hu,
			);
			mainGroup = 3105426C254272F9008652CB;
			productRefGroup = 31054276254272F9008652CB /* Products */;
			projectDirPath = "";
			projectRoot = "";
			targets = (
				31054274254272F9008652CB /* UltimatePortfolioApp */,
				31B7335F25C2FDCF0003868A /* UltimatePortfolioAppTests */,
				31E8E0A026059B2F00D7AE1F /* UltimatePortfolioAppUITests */,
			);
		};
/* End PBXProject section */

/* Begin PBXResourcesBuildPhase section */
		31054273254272F9008652CB /* Resources */ = {
			isa = PBXResourcesBuildPhase;
			buildActionMask = 2147483647;
			files = (
				31916A8A2582480C003816AB /* Localizable.strings in Resources */,
				318A928D254C118D0054FDD7 /* Colors.xcassets in Resources */,
				31916A9A258257D4003816AB /* Awards.json in Resources */,
				3105427D254272FB008652CB /* Assets.xcassets in Resources */,
				31916A9125825650003816AB /* Localizable.stringsdict in Resources */,
			);
			runOnlyForDeploymentPostprocessing = 0;
		};
		31B7335E25C2FDCF0003868A /* Resources */ = {
			isa = PBXResourcesBuildPhase;
			buildActionMask = 2147483647;
			files = (
				3122D0EA25DE5C6500F5AD72 /* DecodableString.json in Resources */,
				317E524025E2050B0040B71A /* DecodableDictionary.json in Resources */,
			);
			runOnlyForDeploymentPostprocessing = 0;
		};
		31E8E09F26059B2F00D7AE1F /* Resources */ = {
			isa = PBXResourcesBuildPhase;
			buildActionMask = 2147483647;
			files = (
			);
			runOnlyForDeploymentPostprocessing = 0;
		};
/* End PBXResourcesBuildPhase section */

/* Begin PBXShellScriptBuildPhase section */
		3149BE442594F7BD0053C06F /* SwiftLint */ = {
			isa = PBXShellScriptBuildPhase;
			buildActionMask = 2147483647;
			files = (
			);
			inputFileListPaths = (
			);
			inputPaths = (
			);
			name = SwiftLint;
			outputFileListPaths = (
			);
			outputPaths = (
			);
			runOnlyForDeploymentPostprocessing = 0;
			shellPath = /bin/sh;
			shellScript = "# Type a script or drag a script file from your workspace to insert its path.\nif which swiftlint >/dev/null; then\n  swiftlint\nelse\n  echo \"warning: SwiftLint not installed, download from https://github.com/realm/SwiftLint\"\nfi\n";
		};
/* End PBXShellScriptBuildPhase section */

/* Begin PBXSourcesBuildPhase section */
		31054271254272F9008652CB /* Sources */ = {
			isa = PBXSourcesBuildPhase;
			buildActionMask = 2147483647;
			files = (
				31C72F0E25431FC700C5784B /* ProjectsView.swift in Sources */,
				31ED5327258E553800969993 /* ProjectSummaryView.swift in Sources */,
				313882172675903700CCE393 /* UnlockView.swift in Sources */,
				318A928A254C08320054FDD7 /* ProjectHeaderView.swift in Sources */,
				3138821A2675AA9500CCE393 /* AppDelegate.swift in Sources */,
				3138821C2675AACB00CCE393 /* SceneDelegate.swift in Sources */,
				3152F638256405A200615A9D /* AwardsView.swift in Sources */,
				3105428A2542801C008652CB /* Main.xcdatamodeld in Sources */,
				3138820E26749B8A00CCE393 /* UnlockManager.swift in Sources */,
				31E8E0B42605F2FA00D7AE1F /* HomeViewModel.swift in Sources */,
				317C84E12546FA7100FC118F /* Project-CoreDataHelpers.swift in Sources */,
				3157CD02257CA8A800E5421E /* Color-Additions.swift in Sources */,
				313882112674AC1000CCE393 /* SKProduct-LocalizedPrice.swift in Sources */,
				313882152674AE7B00CCE393 /* ProductView.swift in Sources */,
				318A9290254D3D9B0054FDD7 /* EditProjectView.swift in Sources */,
				3105428D254282C4008652CB /* DataController.swift in Sources */,
				313882132674AD3F00CCE393 /* PurchaseButton.swift in Sources */,
				31EBFC51255C452B002E7B54 /* SelectSomethingView.swift in Sources */,
				3152F635256404E200615A9D /* Award.swift in Sources */,
				3101B0A2254879C7005F2F2B /* ItemRowView.swift in Sources */,
				3105427B254272F9008652CB /* ContentView.swift in Sources */,
				31E6AD6D25601ABC00BCC524 /* Bundle-Decode.swift in Sources */,
				3101B0A525490960005F2F2B /* Binding-OnChange.swift in Sources */,
				31EBFC4D255C3D11002E7B54 /* Sequence-Sorting.swift in Sources */,
				31ED5324258E537000969993 /* ItemListView.swift in Sources */,
				31C72F0B25431CDC00C5784B /* HomeView.swift in Sources */,
				31054279254272F9008652CB /* UltimatePortfolioAppApp.swift in Sources */,
				317C84DD2546F9A600FC118F /* Item-CoreDataHelpers.swift in Sources */,
				31E8E0AF2605E80200D7AE1F /* ProjectsViewModel.swift in Sources */,
				3101B09F25482C8F005F2F2B /* EditItemView.swift in Sources */,
			);
			runOnlyForDeploymentPostprocessing = 0;
		};
		31B7335C25C2FDCF0003868A /* Sources */ = {
			isa = PBXSourcesBuildPhase;
			buildActionMask = 2147483647;
			files = (
				31E8E09A2605967B00D7AE1F /* PerformanceTests.swift in Sources */,
				31B7336D25C2FF630003868A /* AssetTests.swift in Sources */,
				31B7337525C307180003868A /* AwardTests.swift in Sources */,
				31B7336325C2FDCF0003868A /* UltimatePortfolioAppTests.swift in Sources */,
				3122D0DF25DE299000F5AD72 /* ExtensionTests.swift in Sources */,
				31B7337125C302850003868A /* ProjectTests.swift in Sources */,
				31B7337925C311020003868A /* DevelopmentTests.swift in Sources */,
			);
			runOnlyForDeploymentPostprocessing = 0;
		};
		31E8E09D26059B2F00D7AE1F /* Sources */ = {
			isa = PBXSourcesBuildPhase;
			buildActionMask = 2147483647;
			files = (
				31E8E0A426059B2F00D7AE1F /* UltimatePortfolioAppUITests.swift in Sources */,
			);
			runOnlyForDeploymentPostprocessing = 0;
		};
/* End PBXSourcesBuildPhase section */

/* Begin PBXTargetDependency section */
		31B7336625C2FDCF0003868A /* PBXTargetDependency */ = {
			isa = PBXTargetDependency;
			target = 31054274254272F9008652CB /* UltimatePortfolioApp */;
			targetProxy = 31B7336525C2FDCF0003868A /* PBXContainerItemProxy */;
		};
		31E8E0A726059B2F00D7AE1F /* PBXTargetDependency */ = {
			isa = PBXTargetDependency;
			target = 31054274254272F9008652CB /* UltimatePortfolioApp */;
			targetProxy = 31E8E0A626059B2F00D7AE1F /* PBXContainerItemProxy */;
		};
/* End PBXTargetDependency section */

/* Begin PBXVariantGroup section */
		31916A8C2582480C003816AB /* Localizable.strings */ = {
			isa = PBXVariantGroup;
			children = (
				31916A8B2582480C003816AB /* en */,
				31916A9025824C5C003816AB /* hu */,
			);
			name = Localizable.strings;
			sourceTree = "<group>";
		};
		31916A9325825650003816AB /* Localizable.stringsdict */ = {
			isa = PBXVariantGroup;
			children = (
				31916A9225825650003816AB /* en */,
				31916A9525825656003816AB /* hu */,
			);
			name = Localizable.stringsdict;
			sourceTree = "<group>";
		};
		31916A9C258257D4003816AB /* Awards.json */ = {
			isa = PBXVariantGroup;
			children = (
				31916A9B258257D4003816AB /* en */,
				31916A9E258257DE003816AB /* hu */,
			);
			name = Awards.json;
			sourceTree = "<group>";
		};
/* End PBXVariantGroup section */

/* Begin XCBuildConfiguration section */
		31054282254272FB008652CB /* Debug */ = {
			isa = XCBuildConfiguration;
			buildSettings = {
				ALWAYS_SEARCH_USER_PATHS = NO;
				CLANG_ANALYZER_LOCALIZABILITY_NONLOCALIZED = YES;
				CLANG_ANALYZER_NONNULL = YES;
				CLANG_ANALYZER_NUMBER_OBJECT_CONVERSION = YES_AGGRESSIVE;
				CLANG_CXX_LANGUAGE_STANDARD = "gnu++14";
				CLANG_CXX_LIBRARY = "libc++";
				CLANG_ENABLE_MODULES = YES;
				CLANG_ENABLE_OBJC_ARC = YES;
				CLANG_ENABLE_OBJC_WEAK = YES;
				CLANG_WARN_BLOCK_CAPTURE_AUTORELEASING = YES;
				CLANG_WARN_BOOL_CONVERSION = YES;
				CLANG_WARN_COMMA = YES;
				CLANG_WARN_CONSTANT_CONVERSION = YES;
				CLANG_WARN_DEPRECATED_OBJC_IMPLEMENTATIONS = YES;
				CLANG_WARN_DIRECT_OBJC_ISA_USAGE = YES_ERROR;
				CLANG_WARN_DOCUMENTATION_COMMENTS = YES;
				CLANG_WARN_EMPTY_BODY = YES;
				CLANG_WARN_ENUM_CONVERSION = YES;
				CLANG_WARN_INFINITE_RECURSION = YES;
				CLANG_WARN_INT_CONVERSION = YES;
				CLANG_WARN_NON_LITERAL_NULL_CONVERSION = YES;
				CLANG_WARN_OBJC_IMPLICIT_RETAIN_SELF = YES;
				CLANG_WARN_OBJC_LITERAL_CONVERSION = YES;
				CLANG_WARN_OBJC_ROOT_CLASS = YES_ERROR;
				CLANG_WARN_QUOTED_INCLUDE_IN_FRAMEWORK_HEADER = YES;
				CLANG_WARN_RANGE_LOOP_ANALYSIS = YES;
				CLANG_WARN_STRICT_PROTOTYPES = YES;
				CLANG_WARN_SUSPICIOUS_MOVE = YES;
				CLANG_WARN_UNGUARDED_AVAILABILITY = YES_AGGRESSIVE;
				CLANG_WARN_UNREACHABLE_CODE = YES;
				CLANG_WARN__DUPLICATE_METHOD_MATCH = YES;
				COPY_PHASE_STRIP = NO;
				DEBUG_INFORMATION_FORMAT = dwarf;
				ENABLE_STRICT_OBJC_MSGSEND = YES;
				ENABLE_TESTABILITY = YES;
				GCC_C_LANGUAGE_STANDARD = gnu11;
				GCC_DYNAMIC_NO_PIC = NO;
				GCC_NO_COMMON_BLOCKS = YES;
				GCC_OPTIMIZATION_LEVEL = 0;
				GCC_PREPROCESSOR_DEFINITIONS = (
					"DEBUG=1",
					"$(inherited)",
				);
				GCC_WARN_64_TO_32_BIT_CONVERSION = YES;
				GCC_WARN_ABOUT_RETURN_TYPE = YES_ERROR;
				GCC_WARN_UNDECLARED_SELECTOR = YES;
				GCC_WARN_UNINITIALIZED_AUTOS = YES_AGGRESSIVE;
				GCC_WARN_UNUSED_FUNCTION = YES;
				GCC_WARN_UNUSED_VARIABLE = YES;
				INFOPLIST_FILE = UltimatePortfolioApp/Configuration/Info.plist;
				IPHONEOS_DEPLOYMENT_TARGET = 14.2;
				MTL_ENABLE_DEBUG_INFO = INCLUDE_SOURCE;
				MTL_FAST_MATH = YES;
				ONLY_ACTIVE_ARCH = YES;
				SDKROOT = iphoneos;
				SWIFT_ACTIVE_COMPILATION_CONDITIONS = DEBUG;
				SWIFT_OPTIMIZATION_LEVEL = "-Onone";
			};
			name = Debug;
		};
		31054283254272FB008652CB /* Release */ = {
			isa = XCBuildConfiguration;
			buildSettings = {
				ALWAYS_SEARCH_USER_PATHS = NO;
				CLANG_ANALYZER_LOCALIZABILITY_NONLOCALIZED = YES;
				CLANG_ANALYZER_NONNULL = YES;
				CLANG_ANALYZER_NUMBER_OBJECT_CONVERSION = YES_AGGRESSIVE;
				CLANG_CXX_LANGUAGE_STANDARD = "gnu++14";
				CLANG_CXX_LIBRARY = "libc++";
				CLANG_ENABLE_MODULES = YES;
				CLANG_ENABLE_OBJC_ARC = YES;
				CLANG_ENABLE_OBJC_WEAK = YES;
				CLANG_WARN_BLOCK_CAPTURE_AUTORELEASING = YES;
				CLANG_WARN_BOOL_CONVERSION = YES;
				CLANG_WARN_COMMA = YES;
				CLANG_WARN_CONSTANT_CONVERSION = YES;
				CLANG_WARN_DEPRECATED_OBJC_IMPLEMENTATIONS = YES;
				CLANG_WARN_DIRECT_OBJC_ISA_USAGE = YES_ERROR;
				CLANG_WARN_DOCUMENTATION_COMMENTS = YES;
				CLANG_WARN_EMPTY_BODY = YES;
				CLANG_WARN_ENUM_CONVERSION = YES;
				CLANG_WARN_INFINITE_RECURSION = YES;
				CLANG_WARN_INT_CONVERSION = YES;
				CLANG_WARN_NON_LITERAL_NULL_CONVERSION = YES;
				CLANG_WARN_OBJC_IMPLICIT_RETAIN_SELF = YES;
				CLANG_WARN_OBJC_LITERAL_CONVERSION = YES;
				CLANG_WARN_OBJC_ROOT_CLASS = YES_ERROR;
				CLANG_WARN_QUOTED_INCLUDE_IN_FRAMEWORK_HEADER = YES;
				CLANG_WARN_RANGE_LOOP_ANALYSIS = YES;
				CLANG_WARN_STRICT_PROTOTYPES = YES;
				CLANG_WARN_SUSPICIOUS_MOVE = YES;
				CLANG_WARN_UNGUARDED_AVAILABILITY = YES_AGGRESSIVE;
				CLANG_WARN_UNREACHABLE_CODE = YES;
				CLANG_WARN__DUPLICATE_METHOD_MATCH = YES;
				COPY_PHASE_STRIP = NO;
				DEBUG_INFORMATION_FORMAT = "dwarf-with-dsym";
				ENABLE_NS_ASSERTIONS = NO;
				ENABLE_STRICT_OBJC_MSGSEND = YES;
				GCC_C_LANGUAGE_STANDARD = gnu11;
				GCC_NO_COMMON_BLOCKS = YES;
				GCC_WARN_64_TO_32_BIT_CONVERSION = YES;
				GCC_WARN_ABOUT_RETURN_TYPE = YES_ERROR;
				GCC_WARN_UNDECLARED_SELECTOR = YES;
				GCC_WARN_UNINITIALIZED_AUTOS = YES_AGGRESSIVE;
				GCC_WARN_UNUSED_FUNCTION = YES;
				GCC_WARN_UNUSED_VARIABLE = YES;
				INFOPLIST_FILE = UltimatePortfolioApp/Configuration/Info.plist;
				IPHONEOS_DEPLOYMENT_TARGET = 14.2;
				MTL_ENABLE_DEBUG_INFO = NO;
				MTL_FAST_MATH = YES;
				SDKROOT = iphoneos;
				SWIFT_COMPILATION_MODE = wholemodule;
				SWIFT_OPTIMIZATION_LEVEL = "-O";
				VALIDATE_PRODUCT = YES;
			};
			name = Release;
		};
		31054285254272FB008652CB /* Debug */ = {
			isa = XCBuildConfiguration;
			buildSettings = {
				ALWAYS_EMBED_SWIFT_STANDARD_LIBRARIES = YES;
				ASSETCATALOG_COMPILER_APPICON_NAME = AppIcon;
				ASSETCATALOG_COMPILER_GLOBAL_ACCENT_COLOR_NAME = AccentColor;
				CODE_SIGN_ENTITLEMENTS = UltimatePortfolioApp/Configuration/UltimatePortfolioApp.entitlements;
				CODE_SIGN_STYLE = Automatic;
				DEVELOPMENT_ASSET_PATHS = "\"UltimatePortfolioApp/Preview Content\"";
				DEVELOPMENT_TEAM = 63H3XHC5X4;
				ENABLE_PREVIEWS = YES;
				INFOPLIST_FILE = UltimatePortfolioApp/Configuration/Info.plist;
				IPHONEOS_DEPLOYMENT_TARGET = 14.0;
				LD_RUNPATH_SEARCH_PATHS = (
					"$(inherited)",
					"@executable_path/Frameworks",
				);
				PRODUCT_BUNDLE_IDENTIFIER = com.krisdasiangchaew.UltimatePortfolioApp;
				PRODUCT_NAME = "$(TARGET_NAME)";
				SWIFT_VERSION = 5.0;
				TARGETED_DEVICE_FAMILY = "1,2";
			};
			name = Debug;
		};
		31054286254272FB008652CB /* Release */ = {
			isa = XCBuildConfiguration;
			buildSettings = {
				ALWAYS_EMBED_SWIFT_STANDARD_LIBRARIES = YES;
				ASSETCATALOG_COMPILER_APPICON_NAME = AppIcon;
				ASSETCATALOG_COMPILER_GLOBAL_ACCENT_COLOR_NAME = AccentColor;
				CODE_SIGN_ENTITLEMENTS = UltimatePortfolioApp/Configuration/UltimatePortfolioApp.entitlements;
				CODE_SIGN_STYLE = Automatic;
				DEVELOPMENT_ASSET_PATHS = "\"UltimatePortfolioApp/Preview Content\"";
				DEVELOPMENT_TEAM = 63H3XHC5X4;
				ENABLE_PREVIEWS = YES;
				INFOPLIST_FILE = UltimatePortfolioApp/Configuration/Info.plist;
				IPHONEOS_DEPLOYMENT_TARGET = 14.0;
				LD_RUNPATH_SEARCH_PATHS = (
					"$(inherited)",
					"@executable_path/Frameworks",
				);
				PRODUCT_BUNDLE_IDENTIFIER = com.krisdasiangchaew.UltimatePortfolioApp;
				PRODUCT_NAME = "$(TARGET_NAME)";
				SWIFT_VERSION = 5.0;
				TARGETED_DEVICE_FAMILY = "1,2";
			};
			name = Release;
		};
		31B7336825C2FDCF0003868A /* Debug */ = {
			isa = XCBuildConfiguration;
			buildSettings = {
				BUNDLE_LOADER = "$(TEST_HOST)";
				CODE_SIGN_STYLE = Automatic;
				DEVELOPMENT_TEAM = 63H3XHC5X4;
				INFOPLIST_FILE = UltimatePortfolioAppTests/Info.plist;
				IPHONEOS_DEPLOYMENT_TARGET = 14.4;
				LD_RUNPATH_SEARCH_PATHS = (
					"$(inherited)",
					"@executable_path/Frameworks",
					"@loader_path/Frameworks",
				);
				PRODUCT_BUNDLE_IDENTIFIER = com.krisdasiangchaew.UltimatePortfolioAppTests;
				PRODUCT_NAME = "$(TARGET_NAME)";
				SWIFT_VERSION = 5.0;
				TARGETED_DEVICE_FAMILY = "1,2";
				TEST_HOST = "$(BUILT_PRODUCTS_DIR)/UltimatePortfolioApp.app/UltimatePortfolioApp";
			};
			name = Debug;
		};
		31B7336925C2FDCF0003868A /* Release */ = {
			isa = XCBuildConfiguration;
			buildSettings = {
				BUNDLE_LOADER = "$(TEST_HOST)";
				CODE_SIGN_STYLE = Automatic;
				DEVELOPMENT_TEAM = 63H3XHC5X4;
				INFOPLIST_FILE = UltimatePortfolioAppTests/Info.plist;
				IPHONEOS_DEPLOYMENT_TARGET = 14.4;
				LD_RUNPATH_SEARCH_PATHS = (
					"$(inherited)",
					"@executable_path/Frameworks",
					"@loader_path/Frameworks",
				);
				PRODUCT_BUNDLE_IDENTIFIER = com.krisdasiangchaew.UltimatePortfolioAppTests;
				PRODUCT_NAME = "$(TARGET_NAME)";
				SWIFT_VERSION = 5.0;
				TARGETED_DEVICE_FAMILY = "1,2";
				TEST_HOST = "$(BUILT_PRODUCTS_DIR)/UltimatePortfolioApp.app/UltimatePortfolioApp";
			};
			name = Release;
		};
		31E8E0A926059B2F00D7AE1F /* Debug */ = {
			isa = XCBuildConfiguration;
			buildSettings = {
				CODE_SIGN_STYLE = Automatic;
				DEVELOPMENT_TEAM = 63H3XHC5X4;
				INFOPLIST_FILE = UltimatePortfolioAppUITests/Info.plist;
				IPHONEOS_DEPLOYMENT_TARGET = 14.4;
				LD_RUNPATH_SEARCH_PATHS = (
					"$(inherited)",
					"@executable_path/Frameworks",
					"@loader_path/Frameworks",
				);
				PRODUCT_BUNDLE_IDENTIFIER = com.tenghengheng.UltimatePortfolioAppUITests;
				PRODUCT_NAME = "$(TARGET_NAME)";
				SWIFT_VERSION = 5.0;
				TARGETED_DEVICE_FAMILY = "1,2";
				TEST_TARGET_NAME = UltimatePortfolioApp;
			};
			name = Debug;
		};
		31E8E0AA26059B2F00D7AE1F /* Release */ = {
			isa = XCBuildConfiguration;
			buildSettings = {
				CODE_SIGN_STYLE = Automatic;
				DEVELOPMENT_TEAM = 63H3XHC5X4;
				INFOPLIST_FILE = UltimatePortfolioAppUITests/Info.plist;
				IPHONEOS_DEPLOYMENT_TARGET = 14.4;
				LD_RUNPATH_SEARCH_PATHS = (
					"$(inherited)",
					"@executable_path/Frameworks",
					"@loader_path/Frameworks",
				);
				PRODUCT_BUNDLE_IDENTIFIER = com.tenghengheng.UltimatePortfolioAppUITests;
				PRODUCT_NAME = "$(TARGET_NAME)";
				SWIFT_VERSION = 5.0;
				TARGETED_DEVICE_FAMILY = "1,2";
				TEST_TARGET_NAME = UltimatePortfolioApp;
			};
			name = Release;
		};
/* End XCBuildConfiguration section */

/* Begin XCConfigurationList section */
		31054270254272F9008652CB /* Build configuration list for PBXProject "UltimatePortfolioApp" */ = {
			isa = XCConfigurationList;
			buildConfigurations = (
				31054282254272FB008652CB /* Debug */,
				31054283254272FB008652CB /* Release */,
			);
			defaultConfigurationIsVisible = 0;
			defaultConfigurationName = Release;
		};
		31054284254272FB008652CB /* Build configuration list for PBXNativeTarget "UltimatePortfolioApp" */ = {
			isa = XCConfigurationList;
			buildConfigurations = (
				31054285254272FB008652CB /* Debug */,
				31054286254272FB008652CB /* Release */,
			);
			defaultConfigurationIsVisible = 0;
			defaultConfigurationName = Release;
		};
		31B7336725C2FDCF0003868A /* Build configuration list for PBXNativeTarget "UltimatePortfolioAppTests" */ = {
			isa = XCConfigurationList;
			buildConfigurations = (
				31B7336825C2FDCF0003868A /* Debug */,
				31B7336925C2FDCF0003868A /* Release */,
			);
			defaultConfigurationIsVisible = 0;
			defaultConfigurationName = Release;
		};
		31E8E0A826059B2F00D7AE1F /* Build configuration list for PBXNativeTarget "UltimatePortfolioAppUITests" */ = {
			isa = XCConfigurationList;
			buildConfigurations = (
				31E8E0A926059B2F00D7AE1F /* Debug */,
				31E8E0AA26059B2F00D7AE1F /* Release */,
			);
			defaultConfigurationIsVisible = 0;
			defaultConfigurationName = Release;
		};
/* End XCConfigurationList section */

/* Begin XCVersionGroup section */
		310542882542801C008652CB /* Main.xcdatamodeld */ = {
			isa = XCVersionGroup;
			children = (
				310542892542801C008652CB /* Main.xcdatamodel */,
			);
			currentVersion = 310542892542801C008652CB /* Main.xcdatamodel */;
			path = Main.xcdatamodeld;
			sourceTree = "<group>";
			versionGroupType = wrapper.xcdatamodel;
		};
/* End XCVersionGroup section */
	};
	rootObject = 3105426D254272F9008652CB /* Project object */;
}
